// !$*UTF8*$!
{
	archiveVersion = 1;
	classes = {
	};
	objectVersion = 46;
	objects = {

/* Begin PBXBuildFile section */
		101C82692CAD0E900027BD24 /* AppTrackingTransparency.framework in Frameworks */ = {isa = PBXBuildFile; fileRef = 101C82682CAD0E900027BD24 /* AppTrackingTransparency.framework */; };
		48CCC34DB2CD3D715039DA84 /* libPods-AdManagerRewardedInterstitialExample.a in Frameworks */ = {isa = PBXBuildFile; fileRef = 5B062F9998EAB023AA27E0BE /* libPods-AdManagerRewardedInterstitialExample.a */; };
		849326B61B066A7F00863759 /* AppDelegate.swift in Sources */ = {isa = PBXBuildFile; fileRef = 849326B51B066A7F00863759 /* AppDelegate.swift */; };
		849326B81B066A7F00863759 /* GameViewController.swift in Sources */ = {isa = PBXBuildFile; fileRef = 849326B71B066A7F00863759 /* GameViewController.swift */; };
		849326BB1B066A7F00863759 /* Main.storyboard in Resources */ = {isa = PBXBuildFile; fileRef = 849326B91B066A7F00863759 /* Main.storyboard */; };
		849326BD1B066A7F00863759 /* Images.xcassets in Resources */ = {isa = PBXBuildFile; fileRef = 849326BC1B066A7F00863759 /* Images.xcassets */; };
		849326C01B066A7F00863759 /* LaunchScreen.xib in Resources */ = {isa = PBXBuildFile; fileRef = 849326BE1B066A7F00863759 /* LaunchScreen.xib */; };
		A8CC5DFA2A8ECA450094B83E /* GoogleMobileAdsConsentManager.swift in Sources */ = {isa = PBXBuildFile; fileRef = A8CC5DF92A8ECA440094B83E /* GoogleMobileAdsConsentManager.swift */; };
/* End PBXBuildFile section */

/* Begin PBXFileReference section */
		101C82682CAD0E900027BD24 /* AppTrackingTransparency.framework */ = {isa = PBXFileReference; lastKnownFileType = wrapper.framework; name = AppTrackingTransparency.framework; path = System/Library/Frameworks/AppTrackingTransparency.framework; sourceTree = SDKROOT; };
		58944177C8982B9AEDB58340 /* Pods-AdManagerRewardedInterstitialExample.release.xcconfig */ = {isa = PBXFileReference; includeInIndex = 1; lastKnownFileType = text.xcconfig; name = "Pods-AdManagerRewardedInterstitialExample.release.xcconfig"; path = "Target Support Files/Pods-AdManagerRewardedInterstitialExample/Pods-AdManagerRewardedInterstitialExample.release.xcconfig"; sourceTree = "<group>"; };
		5B062F9998EAB023AA27E0BE /* libPods-AdManagerRewardedInterstitialExample.a */ = {isa = PBXFileReference; explicitFileType = archive.ar; includeInIndex = 0; path = "libPods-AdManagerRewardedInterstitialExample.a"; sourceTree = BUILT_PRODUCTS_DIR; };
		66494DA33276190A6F171CBB /* Pods-AdManagerRewardedInterstitialExample.debug.xcconfig */ = {isa = PBXFileReference; includeInIndex = 1; lastKnownFileType = text.xcconfig; name = "Pods-AdManagerRewardedInterstitialExample.debug.xcconfig"; path = "Target Support Files/Pods-AdManagerRewardedInterstitialExample/Pods-AdManagerRewardedInterstitialExample.debug.xcconfig"; sourceTree = "<group>"; };
		849326B01B066A7F00863759 /* AdManagerRewardedInterstitialExample.app */ = {isa = PBXFileReference; explicitFileType = wrapper.application; includeInIndex = 0; path = AdManagerRewardedInterstitialExample.app; sourceTree = BUILT_PRODUCTS_DIR; };
		849326B41B066A7F00863759 /* Info.plist */ = {isa = PBXFileReference; lastKnownFileType = text.plist.xml; path = Info.plist; sourceTree = "<group>"; };
		849326B51B066A7F00863759 /* AppDelegate.swift */ = {isa = PBXFileReference; lastKnownFileType = sourcecode.swift; path = AppDelegate.swift; sourceTree = "<group>"; };
		849326B71B066A7F00863759 /* GameViewController.swift */ = {isa = PBXFileReference; lastKnownFileType = sourcecode.swift; path = GameViewController.swift; sourceTree = "<group>"; };
		849326BA1B066A7F00863759 /* Base */ = {isa = PBXFileReference; lastKnownFileType = file.storyboard; name = Base; path = Base.lproj/Main.storyboard; sourceTree = "<group>"; };
		849326BC1B066A7F00863759 /* Images.xcassets */ = {isa = PBXFileReference; lastKnownFileType = folder.assetcatalog; path = Images.xcassets; sourceTree = "<group>"; };
		849326BF1B066A7F00863759 /* Base */ = {isa = PBXFileReference; lastKnownFileType = file.xib; name = Base; path = Base.lproj/LaunchScreen.xib; sourceTree = "<group>"; };
		A8CC5DF92A8ECA440094B83E /* GoogleMobileAdsConsentManager.swift */ = {isa = PBXFileReference; fileEncoding = 4; lastKnownFileType = sourcecode.swift; path = GoogleMobileAdsConsentManager.swift; sourceTree = "<group>"; };
/* End PBXFileReference section */

/* Begin PBXFrameworksBuildPhase section */
		849326AD1B066A7E00863759 /* Frameworks */ = {
			isa = PBXFrameworksBuildPhase;
			buildActionMask = 2147483647;
			files = (
				48CCC34DB2CD3D715039DA84 /* libPods-AdManagerRewardedInterstitialExample.a in Frameworks */,
				101C82692CAD0E900027BD24 /* AppTrackingTransparency.framework in Frameworks */,
			);
			runOnlyForDeploymentPostprocessing = 0;
		};
/* End PBXFrameworksBuildPhase section */

/* Begin PBXGroup section */
		59E26E209E6D53F84008F448 /* Frameworks */ = {
			isa = PBXGroup;
			children = (
				101C82682CAD0E900027BD24 /* AppTrackingTransparency.framework */,
				5B062F9998EAB023AA27E0BE /* libPods-AdManagerRewardedInterstitialExample.a */,
			);
			name = Frameworks;
			sourceTree = "<group>";
		};
		6B48FFAA1C599896D1BA4999 /* Pods */ = {
			isa = PBXGroup;
			children = (
				66494DA33276190A6F171CBB /* Pods-AdManagerRewardedInterstitialExample.debug.xcconfig */,
				58944177C8982B9AEDB58340 /* Pods-AdManagerRewardedInterstitialExample.release.xcconfig */,
			);
			path = Pods;
			sourceTree = "<group>";
		};
		849326A71B066A7E00863759 = {
			isa = PBXGroup;
			children = (
				849326B21B066A7F00863759 /* AdManagerRewardedInterstitialExample */,
				849326B11B066A7F00863759 /* Products */,
				6B48FFAA1C599896D1BA4999 /* Pods */,
				59E26E209E6D53F84008F448 /* Frameworks */,
			);
			sourceTree = "<group>";
		};
		849326B11B066A7F00863759 /* Products */ = {
			isa = PBXGroup;
			children = (
				849326B01B066A7F00863759 /* AdManagerRewardedInterstitialExample.app */,
			);
			name = Products;
			sourceTree = "<group>";
		};
		849326B21B066A7F00863759 /* AdManagerRewardedInterstitialExample */ = {
			isa = PBXGroup;
			children = (
				849326B51B066A7F00863759 /* AppDelegate.swift */,
				849326B71B066A7F00863759 /* GameViewController.swift */,
				A8CC5DF92A8ECA440094B83E /* GoogleMobileAdsConsentManager.swift */,
				849326B91B066A7F00863759 /* Main.storyboard */,
				849326BC1B066A7F00863759 /* Images.xcassets */,
				849326BE1B066A7F00863759 /* LaunchScreen.xib */,
				849326B31B066A7F00863759 /* Supporting Files */,
			);
			path = AdManagerRewardedInterstitialExample;
			sourceTree = "<group>";
		};
		849326B31B066A7F00863759 /* Supporting Files */ = {
			isa = PBXGroup;
			children = (
				849326B41B066A7F00863759 /* Info.plist */,
			);
			name = "Supporting Files";
			sourceTree = "<group>";
		};
/* End PBXGroup section */

/* Begin PBXNativeTarget section */
		849326AF1B066A7E00863759 /* AdManagerRewardedInterstitialExample */ = {
			isa = PBXNativeTarget;
			buildConfigurationList = 849326CF1B066A7F00863759 /* Build configuration list for PBXNativeTarget "AdManagerRewardedInterstitialExample" */;
			buildPhases = (
				14326017C11AE3B8DFE17594 /* [CP] Check Pods Manifest.lock */,
				849326AC1B066A7E00863759 /* Sources */,
				849326AD1B066A7E00863759 /* Frameworks */,
				849326AE1B066A7E00863759 /* Resources */,
				10FCC8B366CA85B1D3E56E01 /* [CP] Embed Pods Frameworks */,
				A91AA1B1AA4931B91E9196FF /* [CP] Copy Pods Resources */,
			);
			buildRules = (
			);
			dependencies = (
			);
			name = AdManagerRewardedInterstitialExample;
			productName = InterstitialExample;
			productReference = 849326B01B066A7F00863759 /* AdManagerRewardedInterstitialExample.app */;
			productType = "com.apple.product-type.application";
		};
/* End PBXNativeTarget section */

/* Begin PBXProject section */
		849326A81B066A7E00863759 /* Project object */ = {
			isa = PBXProject;
			attributes = {
				LastSwiftMigration = 0700;
				LastSwiftUpdateCheck = 0700;
				LastUpgradeCheck = 1340;
				ORGANIZATIONNAME = Google;
				TargetAttributes = {
					849326AF1B066A7E00863759 = {
						CreatedOnToolsVersion = 6.2;
						DevelopmentTeam = KD8UJ5TULU;
						LastSwiftMigration = 0900;
					};
				};
			};
			buildConfigurationList = 849326AB1B066A7E00863759 /* Build configuration list for PBXProject "AdManagerRewardedInterstitialExample" */;
			compatibilityVersion = "Xcode 3.2";
			developmentRegion = en;
			hasScannedForEncodings = 0;
			knownRegions = (
				en,
				Base,
			);
			mainGroup = 849326A71B066A7E00863759;
			productRefGroup = 849326B11B066A7F00863759 /* Products */;
			projectDirPath = "";
			projectRoot = "";
			targets = (
				849326AF1B066A7E00863759 /* AdManagerRewardedInterstitialExample */,
			);
		};
/* End PBXProject section */

/* Begin PBXResourcesBuildPhase section */
		849326AE1B066A7E00863759 /* Resources */ = {
			isa = PBXResourcesBuildPhase;
			buildActionMask = 2147483647;
			files = (
				849326BB1B066A7F00863759 /* Main.storyboard in Resources */,
				849326C01B066A7F00863759 /* LaunchScreen.xib in Resources */,
				849326BD1B066A7F00863759 /* Images.xcassets in Resources */,
			);
			runOnlyForDeploymentPostprocessing = 0;
		};
/* End PBXResourcesBuildPhase section */

/* Begin PBXShellScriptBuildPhase section */
		10FCC8B366CA85B1D3E56E01 /* [CP] Embed Pods Frameworks */ = {
			isa = PBXShellScriptBuildPhase;
			buildActionMask = 2147483647;
			files = (
			);
			inputPaths = (
				"${PODS_ROOT}/Target Support Files/Pods-AdManagerRewardedInterstitialExample/Pods-AdManagerRewardedInterstitialExample-frameworks.sh",
				"${PODS_XCFRAMEWORKS_BUILD_DIR}/LRAtsSDK/LRAtsSDK.framework/LRAtsSDK",
			);
			name = "[CP] Embed Pods Frameworks";
			outputPaths = (
				"${TARGET_BUILD_DIR}/${FRAMEWORKS_FOLDER_PATH}/LRAtsSDK.framework",
			);
			runOnlyForDeploymentPostprocessing = 0;
			shellPath = /bin/sh;
			shellScript = "\"${PODS_ROOT}/Target Support Files/Pods-AdManagerRewardedInterstitialExample/Pods-AdManagerRewardedInterstitialExample-frameworks.sh\"\n";
			showEnvVarsInLog = 0;
		};
		14326017C11AE3B8DFE17594 /* [CP] Check Pods Manifest.lock */ = {
			isa = PBXShellScriptBuildPhase;
			buildActionMask = 2147483647;
			files = (
			);
			inputFileListPaths = (
			);
			inputPaths = (
				"${PODS_PODFILE_DIR_PATH}/Podfile.lock",
				"${PODS_ROOT}/Manifest.lock",
			);
			name = "[CP] Check Pods Manifest.lock";
			outputFileListPaths = (
			);
			outputPaths = (
				"$(DERIVED_FILE_DIR)/Pods-AdManagerRewardedInterstitialExample-checkManifestLockResult.txt",
			);
			runOnlyForDeploymentPostprocessing = 0;
			shellPath = /bin/sh;
			shellScript = "diff \"${PODS_PODFILE_DIR_PATH}/Podfile.lock\" \"${PODS_ROOT}/Manifest.lock\" > /dev/null\nif [ $? != 0 ] ; then\n    # print error to STDERR\n    echo \"error: The sandbox is not in sync with the Podfile.lock. Run 'pod install' or update your CocoaPods installation.\" >&2\n    exit 1\nfi\n# This output is used by Xcode 'outputs' to avoid re-running this script phase.\necho \"SUCCESS\" > \"${SCRIPT_OUTPUT_FILE_0}\"\n";
			showEnvVarsInLog = 0;
		};
		A91AA1B1AA4931B91E9196FF /* [CP] Copy Pods Resources */ = {
			isa = PBXShellScriptBuildPhase;
			buildActionMask = 2147483647;
			files = (
			);
			inputPaths = (
				"${PODS_ROOT}/Target Support Files/Pods-AdManagerRewardedInterstitialExample/Pods-AdManagerRewardedInterstitialExample-resources.sh",
				"${PODS_CONFIGURATION_BUILD_DIR}/Google-Mobile-Ads-SDK/GoogleMobileAdsResources.bundle",
				"${PODS_CONFIGURATION_BUILD_DIR}/GoogleUserMessagingPlatform/UserMessagingPlatformResources.bundle",
			);
			name = "[CP] Copy Pods Resources";
			outputPaths = (
				"${TARGET_BUILD_DIR}/${UNLOCALIZED_RESOURCES_FOLDER_PATH}/GoogleMobileAdsResources.bundle",
				"${TARGET_BUILD_DIR}/${UNLOCALIZED_RESOURCES_FOLDER_PATH}/UserMessagingPlatformResources.bundle",
			);
			runOnlyForDeploymentPostprocessing = 0;
			shellPath = /bin/sh;
			shellScript = "\"${PODS_ROOT}/Target Support Files/Pods-AdManagerRewardedInterstitialExample/Pods-AdManagerRewardedInterstitialExample-resources.sh\"\n";
			showEnvVarsInLog = 0;
		};
/* End PBXShellScriptBuildPhase section */

/* Begin PBXSourcesBuildPhase section */
		849326AC1B066A7E00863759 /* Sources */ = {
			isa = PBXSourcesBuildPhase;
			buildActionMask = 2147483647;
			files = (
				849326B81B066A7F00863759 /* GameViewController.swift in Sources */,
				A8CC5DFA2A8ECA450094B83E /* GoogleMobileAdsConsentManager.swift in Sources */,
				849326B61B066A7F00863759 /* AppDelegate.swift in Sources */,
			);
			runOnlyForDeploymentPostprocessing = 0;
		};
/* End PBXSourcesBuildPhase section */

/* Begin PBXVariantGroup section */
		849326B91B066A7F00863759 /* Main.storyboard */ = {
			isa = PBXVariantGroup;
			children = (
				849326BA1B066A7F00863759 /* Base */,
			);
			name = Main.storyboard;
			sourceTree = "<group>";
		};
		849326BE1B066A7F00863759 /* LaunchScreen.xib */ = {
			isa = PBXVariantGroup;
			children = (
				849326BF1B066A7F00863759 /* Base */,
			);
			name = LaunchScreen.xib;
			sourceTree = "<group>";
		};
/* End PBXVariantGroup section */

/* Begin XCBuildConfiguration section */
		849326CD1B066A7F00863759 /* Debug */ = {
			isa = XCBuildConfiguration;
			buildSettings = {
				ALWAYS_SEARCH_USER_PATHS = NO;
				CLANG_ANALYZER_LOCALIZABILITY_NONLOCALIZED = YES;
				CLANG_CXX_LANGUAGE_STANDARD = "gnu++0x";
				CLANG_CXX_LIBRARY = "libc++";
				CLANG_ENABLE_MODULES = YES;
				CLANG_ENABLE_OBJC_ARC = YES;
				CLANG_WARN_BLOCK_CAPTURE_AUTORELEASING = YES;
				CLANG_WARN_BOOL_CONVERSION = YES;
				CLANG_WARN_COMMA = YES;
				CLANG_WARN_CONSTANT_CONVERSION = YES;
				CLANG_WARN_DEPRECATED_OBJC_IMPLEMENTATIONS = YES;
				CLANG_WARN_DIRECT_OBJC_ISA_USAGE = YES_ERROR;
				CLANG_WARN_EMPTY_BODY = YES;
				CLANG_WARN_ENUM_CONVERSION = YES;
				CLANG_WARN_INFINITE_RECURSION = YES;
				CLANG_WARN_INT_CONVERSION = YES;
				CLANG_WARN_NON_LITERAL_NULL_CONVERSION = YES;
				CLANG_WARN_OBJC_IMPLICIT_RETAIN_SELF = YES;
				CLANG_WARN_OBJC_LITERAL_CONVERSION = YES;
				CLANG_WARN_OBJC_ROOT_CLASS = YES_ERROR;
				CLANG_WARN_QUOTED_INCLUDE_IN_FRAMEWORK_HEADER = YES;
				CLANG_WARN_RANGE_LOOP_ANALYSIS = YES;
				CLANG_WARN_STRICT_PROTOTYPES = YES;
				CLANG_WARN_SUSPICIOUS_MOVE = YES;
				CLANG_WARN_UNREACHABLE_CODE = YES;
				CLANG_WARN__DUPLICATE_METHOD_MATCH = YES;
				"CODE_SIGN_IDENTITY[sdk=iphoneos*]" = "iPhone Developer";
				COPY_PHASE_STRIP = NO;
				ENABLE_BITCODE = YES;
				ENABLE_STRICT_OBJC_MSGSEND = YES;
				ENABLE_TESTABILITY = YES;
				GCC_C_LANGUAGE_STANDARD = gnu99;
				GCC_DYNAMIC_NO_PIC = NO;
				GCC_NO_COMMON_BLOCKS = YES;
				GCC_OPTIMIZATION_LEVEL = 0;
				GCC_PREPROCESSOR_DEFINITIONS = (
					"DEBUG=1",
					"$(inherited)",
				);
				GCC_SYMBOLS_PRIVATE_EXTERN = NO;
				GCC_WARN_64_TO_32_BIT_CONVERSION = YES;
				GCC_WARN_ABOUT_RETURN_TYPE = YES_ERROR;
				GCC_WARN_UNDECLARED_SELECTOR = YES;
				GCC_WARN_UNINITIALIZED_AUTOS = YES_AGGRESSIVE;
				GCC_WARN_UNUSED_FUNCTION = YES;
				GCC_WARN_UNUSED_VARIABLE = YES;
				IPHONEOS_DEPLOYMENT_TARGET = 11.0;
				MTL_ENABLE_DEBUG_INFO = YES;
				ONLY_ACTIVE_ARCH = YES;
				SDKROOT = iphoneos;
				SWIFT_OPTIMIZATION_LEVEL = "-Onone";
				SWIFT_VERSION = 3.0.1;
				TARGETED_DEVICE_FAMILY = "1,2";
			};
			name = Debug;
		};
		849326CE1B066A7F00863759 /* Release */ = {
			isa = XCBuildConfiguration;
			buildSettings = {
				ALWAYS_SEARCH_USER_PATHS = NO;
				CLANG_ANALYZER_LOCALIZABILITY_NONLOCALIZED = YES;
				CLANG_CXX_LANGUAGE_STANDARD = "gnu++0x";
				CLANG_CXX_LIBRARY = "libc++";
				CLANG_ENABLE_MODULES = YES;
				CLANG_ENABLE_OBJC_ARC = YES;
				CLANG_WARN_BLOCK_CAPTURE_AUTORELEASING = YES;
				CLANG_WARN_BOOL_CONVERSION = YES;
				CLANG_WARN_COMMA = YES;
				CLANG_WARN_CONSTANT_CONVERSION = YES;
				CLANG_WARN_DEPRECATED_OBJC_IMPLEMENTATIONS = YES;
				CLANG_WARN_DIRECT_OBJC_ISA_USAGE = YES_ERROR;
				CLANG_WARN_EMPTY_BODY = YES;
				CLANG_WARN_ENUM_CONVERSION = YES;
				CLANG_WARN_INFINITE_RECURSION = YES;
				CLANG_WARN_INT_CONVERSION = YES;
				CLANG_WARN_NON_LITERAL_NULL_CONVERSION = YES;
				CLANG_WARN_OBJC_IMPLICIT_RETAIN_SELF = YES;
				CLANG_WARN_OBJC_LITERAL_CONVERSION = YES;
				CLANG_WARN_OBJC_ROOT_CLASS = YES_ERROR;
				CLANG_WARN_QUOTED_INCLUDE_IN_FRAMEWORK_HEADER = YES;
				CLANG_WARN_RANGE_LOOP_ANALYSIS = YES;
				CLANG_WARN_STRICT_PROTOTYPES = YES;
				CLANG_WARN_SUSPICIOUS_MOVE = YES;
				CLANG_WARN_UNREACHABLE_CODE = YES;
				CLANG_WARN__DUPLICATE_METHOD_MATCH = YES;
				"CODE_SIGN_IDENTITY[sdk=iphoneos*]" = "iPhone Developer";
				COPY_PHASE_STRIP = NO;
				ENABLE_BITCODE = YES;
				ENABLE_NS_ASSERTIONS = NO;
				ENABLE_STRICT_OBJC_MSGSEND = YES;
				GCC_C_LANGUAGE_STANDARD = gnu99;
				GCC_NO_COMMON_BLOCKS = YES;
				GCC_WARN_64_TO_32_BIT_CONVERSION = YES;
				GCC_WARN_ABOUT_RETURN_TYPE = YES_ERROR;
				GCC_WARN_UNDECLARED_SELECTOR = YES;
				GCC_WARN_UNINITIALIZED_AUTOS = YES_AGGRESSIVE;
				GCC_WARN_UNUSED_FUNCTION = YES;
				GCC_WARN_UNUSED_VARIABLE = YES;
				IPHONEOS_DEPLOYMENT_TARGET = 11.0;
				MTL_ENABLE_DEBUG_INFO = NO;
				SDKROOT = iphoneos;
				SWIFT_OPTIMIZATION_LEVEL = "-Owholemodule";
				SWIFT_VERSION = 3.0.1;
				TARGETED_DEVICE_FAMILY = "1,2";
				VALIDATE_PRODUCT = YES;
			};
			name = Release;
		};
		849326D01B066A7F00863759 /* Debug */ = {
			isa = XCBuildConfiguration;
			baseConfigurationReference = 66494DA33276190A6F171CBB /* Pods-AdManagerRewardedInterstitialExample.debug.xcconfig */;
			buildSettings = {
				ASSETCATALOG_COMPILER_APPICON_NAME = AppIcon;
				ASSETCATALOG_COMPILER_LAUNCHIMAGE_NAME = LaunchImages;
				DEVELOPMENT_TEAM = KD8UJ5TULU;
				FRAMEWORK_SEARCH_PATHS = "$(inherited)";
				INFOPLIST_FILE = "$(SRCROOT)/AdManagerRewardedInterstitialExample/Info.plist";
				IPHONEOS_DEPLOYMENT_TARGET = 13.0;
				LD_RUNPATH_SEARCH_PATHS = "$(inherited) @executable_path/Frameworks";
				OTHER_LDFLAGS = (
					"$(inherited)",
					"-ObjC",
				);
				PRODUCT_BUNDLE_IDENTIFIER = com.google.ads.AdManagerRewardedInterstitialExample;
				PRODUCT_NAME = "$(TARGET_NAME)";
				SUPPORTED_PLATFORMS = "iphoneos iphonesimulator";
				SUPPORTS_MACCATALYST = NO;
				SUPPORTS_MAC_DESIGNED_FOR_IPHONE_IPAD = NO;
				SWIFT_SWIFT3_OBJC_INFERENCE = Default;
				SWIFT_VERSION = 5.0;
				TARGETED_DEVICE_FAMILY = "1,2";
			};
			name = Debug;
		};
		849326D11B066A7F00863759 /* Release */ = {
			isa = XCBuildConfiguration;
			baseConfigurationReference = 58944177C8982B9AEDB58340 /* Pods-AdManagerRewardedInterstitialExample.release.xcconfig */;
			buildSettings = {
				ASSETCATALOG_COMPILER_APPICON_NAME = AppIcon;
				ASSETCATALOG_COMPILER_LAUNCHIMAGE_NAME = LaunchImages;
				DEVELOPMENT_TEAM = KD8UJ5TULU;
				FRAMEWORK_SEARCH_PATHS = "$(inherited)";
				INFOPLIST_FILE = "$(SRCROOT)/AdManagerRewardedInterstitialExample/Info.plist";
				IPHONEOS_DEPLOYMENT_TARGET = 13.0;
				LD_RUNPATH_SEARCH_PATHS = "$(inherited) @executable_path/Frameworks";
				OTHER_LDFLAGS = (
					"$(inherited)",
					"-ObjC",
				);
				PRODUCT_BUNDLE_IDENTIFIER = com.google.ads.AdManagerRewardedInterstitialExample;
				PRODUCT_NAME = "$(TARGET_NAME)";
				SUPPORTED_PLATFORMS = "iphoneos iphonesimulator";
				SUPPORTS_MACCATALYST = NO;
				SUPPORTS_MAC_DESIGNED_FOR_IPHONE_IPAD = NO;
				SWIFT_SWIFT3_OBJC_INFERENCE = Default;
				SWIFT_VERSION = 5.0;
				TARGETED_DEVICE_FAMILY = "1,2";
			};
			name = Release;
		};
/* End XCBuildConfiguration section */

/* Begin XCConfigurationList section */
		849326AB1B066A7E00863759 /* Build configuration list for PBXProject "AdManagerRewardedInterstitialExample" */ = {
			isa = XCConfigurationList;
			buildConfigurations = (
				849326CD1B066A7F00863759 /* Debug */,
				849326CE1B066A7F00863759 /* Release */,
			);
			defaultConfigurationIsVisible = 0;
			defaultConfigurationName = Release;
		};
		849326CF1B066A7F00863759 /* Build configuration list for PBXNativeTarget "AdManagerRewardedInterstitialExample" */ = {
			isa = XCConfigurationList;
			buildConfigurations = (
				849326D01B066A7F00863759 /* Debug */,
				849326D11B066A7F00863759 /* Release */,
			);
			defaultConfigurationIsVisible = 0;
			defaultConfigurationName = Release;
		};
/* End XCConfigurationList section */
	};
	rootObject = 849326A81B066A7E00863759 /* Project object */;
}
